
Microsoft Visual Studio Solution File, Format Version 12.00
# Visual Studio Version 17
VisualStudioVersion = 17.9.34728.123
MinimumVisualStudioVersion = 10.0.40219.1
Project("{FAE04EC0-301F-11D3-BF4B-00C04F79EFBC}") = "Redis - Medicore", "Redis - Medicore\Redis - Medicore.csproj", "{3DC36DF2-0A18-4F8E-9A1E-EF3E530097D3}"
EndProject
Global
	GlobalSection(SolutionConfigurationPlatforms) = preSolution
		Debug|Any CPU = Debug|Any CPU
		Release|Any CPU = Release|Any CPU
	EndGlobalSection
	GlobalSection(ProjectConfigurationPlatforms) = postSolution
		{3DC36DF2-0A18-4F8E-9A1E-EF3E530097D3}.Debug|Any CPU.ActiveCfg = Debug|Any CPU
		{3DC36DF2-0A18-4F8E-9A1E-EF3E530097D3}.Debug|Any CPU.Build.0 = Debug|Any CPU
		{3DC36DF2-0A18-4F8E-9A1E-EF3E530097D3}.Release|Any CPU.ActiveCfg = Release|Any CPU
		{3DC36DF2-0A18-4F8E-9A1E-EF3E530097D3}.Release|Any CPU.Build.0 = Release|Any CPU
	EndGlobalSection
	GlobalSection(SolutionProperties) = preSolution
		HideSolutionNode = FALSE
	EndGlobalSection
	GlobalSection(ExtensibilityGlobals) = postSolution
		SolutionGuid = {A1B6A4FD-254A-4ABE-A23C-3BFDCC601435}
	EndGlobalSection
EndGlobal
